
Microsoft Visual Studio Solution File, Format Version 12.00
# Visual Studio 15
VisualStudioVersion = 15.0.26730.10
MinimumVisualStudioVersion = 10.0.40219.1
Project("{8BC9CEB8-8B4A-11D0-8D11-00A0C91BC942}") = "HellowWorld", "HellowWorld-Triangle\HellowWorld-Triangle.vcxproj", "{BD88FD50-BAF7-4CD1-BE7C-DD3012147951}"
EndProject
Project("{8BC9CEB8-8B4A-11D0-8D11-00A0C91BC942}") = "PrimitiveDrawTest", "PrimitiveDrawTest\PrimitiveDrawTest.vcxproj", "{6A3B20C5-9495-468A-8BE9-7059F8A43E9E}"
EndProject
Project("{8BC9CEB8-8B4A-11D0-8D11-00A0C91BC942}") = "JamesBrooksExercise1", "JamesBrooksExercise1\JamesBrooksExercise1.vcxproj", "{25AC79E8-F09A-4461-87E3-D33B15859371}"
EndProject
Global
	GlobalSection(SolutionConfigurationPlatforms) = preSolution
		Debug|Win32 = Debug|Win32
		Debug|x64 = Debug|x64
		Release|Win32 = Release|Win32
		Release|x64 = Release|x64
	EndGlobalSection
	GlobalSection(ProjectConfigurationPlatforms) = postSolution
		{BD88FD50-BAF7-4CD1-BE7C-DD3012147951}.Debug|Win32.ActiveCfg = Debug|Win32
		{BD88FD50-BAF7-4CD1-BE7C-DD3012147951}.Debug|Win32.Build.0 = Debug|Win32
		{BD88FD50-BAF7-4CD1-BE7C-DD3012147951}.Debug|x64.ActiveCfg = Debug|Win32
		{BD88FD50-BAF7-4CD1-BE7C-DD3012147951}.Release|Win32.ActiveCfg = Release|Win32
		{BD88FD50-BAF7-4CD1-BE7C-DD3012147951}.Release|Win32.Build.0 = Release|Win32
		{BD88FD50-BAF7-4CD1-BE7C-DD3012147951}.Release|x64.ActiveCfg = Release|Win32
		{6A3B20C5-9495-468A-8BE9-7059F8A43E9E}.Debug|Win32.ActiveCfg = Debug|Win32
		{6A3B20C5-9495-468A-8BE9-7059F8A43E9E}.Debug|Win32.Build.0 = Debug|Win32
		{6A3B20C5-9495-468A-8BE9-7059F8A43E9E}.Debug|x64.ActiveCfg = Debug|Win32
		{6A3B20C5-9495-468A-8BE9-7059F8A43E9E}.Release|Win32.ActiveCfg = Release|Win32
		{6A3B20C5-9495-468A-8BE9-7059F8A43E9E}.Release|Win32.Build.0 = Release|Win32
		{6A3B20C5-9495-468A-8BE9-7059F8A43E9E}.Release|x64.ActiveCfg = Release|Win32
		{25AC79E8-F09A-4461-87E3-D33B15859371}.Debug|Win32.ActiveCfg = Debug|Win32
		{25AC79E8-F09A-4461-87E3-D33B15859371}.Debug|Win32.Build.0 = Debug|Win32
		{25AC79E8-F09A-4461-87E3-D33B15859371}.Debug|x64.ActiveCfg = Debug|x64
		{25AC79E8-F09A-4461-87E3-D33B15859371}.Debug|x64.Build.0 = Debug|x64
		{25AC79E8-F09A-4461-87E3-D33B15859371}.Release|Win32.ActiveCfg = Release|Win32
		{25AC79E8-F09A-4461-87E3-D33B15859371}.Release|Win32.Build.0 = Release|Win32
		{25AC79E8-F09A-4461-87E3-D33B15859371}.Release|x64.ActiveCfg = Release|x64
		{25AC79E8-F09A-4461-87E3-D33B15859371}.Release|x64.Build.0 = Release|x64
	EndGlobalSection
	GlobalSection(SolutionProperties) = preSolution
		HideSolutionNode = FALSE
	EndGlobalSection
	GlobalSection(ExtensibilityGlobals) = postSolution
		SolutionGuid = {336F401B-A41B-411E-A8B6-114957B94D9A}
	EndGlobalSection
EndGlobal
