
Microsoft Visual Studio Solution File, Format Version 12.00
# Visual Studio 2017
Project("{FAE04EC0-301F-11D3-BF4B-00C04F79EFBC}") = "Tools Testing", "Tools Testing.csproj", "{F3A0DDB2-8474-1164-3E0B-DE9BF90FE26F}"
EndProject
Project("{FAE04EC0-301F-11D3-BF4B-00C04F79EFBC}") = "Tools Testing.Editor", "Tools Testing.Editor.csproj", "{53B94D21-20DD-6AC9-5385-4DB272D85719}"
EndProject
Global
	GlobalSection(SolutionConfigurationPlatforms) = preSolution
		Debug|Any CPU = Debug|Any CPU
		Release|Any CPU = Release|Any CPU
	EndGlobalSection
	GlobalSection(ProjectConfigurationPlatforms) = postSolution
		{F3A0DDB2-8474-1164-3E0B-DE9BF90FE26F}.Debug|Any CPU.ActiveCfg = Debug|Any CPU
		{F3A0DDB2-8474-1164-3E0B-DE9BF90FE26F}.Debug|Any CPU.Build.0 = Debug|Any CPU
		{F3A0DDB2-8474-1164-3E0B-DE9BF90FE26F}.Release|Any CPU.ActiveCfg = Release|Any CPU
		{F3A0DDB2-8474-1164-3E0B-DE9BF90FE26F}.Release|Any CPU.Build.0 = Release|Any CPU
		{53B94D21-20DD-6AC9-5385-4DB272D85719}.Debug|Any CPU.ActiveCfg = Debug|Any CPU
		{53B94D21-20DD-6AC9-5385-4DB272D85719}.Debug|Any CPU.Build.0 = Debug|Any CPU
		{53B94D21-20DD-6AC9-5385-4DB272D85719}.Release|Any CPU.ActiveCfg = Release|Any CPU
		{53B94D21-20DD-6AC9-5385-4DB272D85719}.Release|Any CPU.Build.0 = Release|Any CPU
	EndGlobalSection
	GlobalSection(SolutionProperties) = preSolution
		HideSolutionNode = FALSE
	EndGlobalSection
EndGlobal
